# Generated by pub
# See https://dart.dev/tools/pub/glossary#lockfile
packages:
  collection:
    dependency: transitive
    description:
      name: collection
      sha256: ee67cb0715911d28db6bf4af1026078bd6f0128b07a5f66fb2ed94ec6783c09a
      url: "https://pub.dev"
    source: hosted
    version: "1.18.0"
  freezed_annotation:
    dependency: "direct main"
    description:
      name: freezed_annotation
      sha256: c3fd9336eb55a38cc1bbd79ab17573113a8deccd0ecbbf926cca3c62803b5c2d
      url: "https://pub.dev"
    source: hosted
    version: "2.4.1"
  fxdart:
    dependency: "direct main"
    description:
      path: ".."
      relative: true
    source: path
    version: "0.0.1"
  json_annotation:
    dependency: transitive
    description:
      name: json_annotation
      sha256: b10a7b2ff83d83c777edba3c6a0f97045ddadd56c944e1a23a3fdf43a1bf4467
      url: "https://pub.dev"
    source: hosted
    version: "4.8.1"
  meta:
    dependency: transitive
    description:
      name: meta
      sha256: "3c74dbf8763d36539f114c799d8a2d87343b5067e9d796ca22b5eb8437090ee3"
      url: "https://pub.dev"
    source: hosted
    version: "1.9.1"
sdks:
  dart: ">=3.0.6 <4.0.0"
